
Microsoft Visual Studio Solution File, Format Version 12.00
# Visual Studio Version 16
VisualStudioVersion = 16.0.32228.343
MinimumVisualStudioVersion = 10.0.40219.1
Project("{FAE04EC0-301F-11D3-BF4B-00C04F79EFBC}") = "Academy", "Academy\Academy.csproj", "{B478C2DC-C0B4-4CF4-BB44-A2D9BAACCAC4}"
EndProject
Project("{FAE04EC0-301F-11D3-BF4B-00C04F79EFBC}") = "Files", "Files\Files.csproj", "{5292B698-DF15-4E66-9DA0-46E607285612}"
EndProject
Project("{FAE04EC0-301F-11D3-BF4B-00C04F79EFBC}") = "Abstract_class", "Abstract_class\Abstract_class.csproj", "{430156D4-4B70-414E-B7C4-15C8D048CB49}"
EndProject
Project("{FAE04EC0-301F-11D3-BF4B-00C04F79EFBC}") = "Shop", "Shop\Shop.csproj", "{CE761BBF-73E8-46DF-B49A-E80A056CF57C}"
EndProject
Project("{FAE04EC0-301F-11D3-BF4B-00C04F79EFBC}") = "Standart_interface", "Standart_interface\Standart_interface.csproj", "{C94EF460-CB5E-4577-9F18-6A6E9264FC4E}"
EndProject
Project("{FAE04EC0-301F-11D3-BF4B-00C04F79EFBC}") = "Collections", "Collections\Collections.csproj", "{C78E7361-B64F-4077-AB40-6905744AE201}"
EndProject
Project("{FAE04EC0-301F-11D3-BF4B-00C04F79EFBC}") = "Stack1", "Stack\Stack1.csproj", "{E8177594-B463-4A5D-A41A-4E58E548C9CB}"
EndProject
Project("{FAE04EC0-301F-11D3-BF4B-00C04F79EFBC}") = "Queuee", "Queuee\Queuee.csproj", "{BF780C37-EBEE-40BA-9DEF-1B3AF3203240}"
EndProject
Project("{FAE04EC0-301F-11D3-BF4B-00C04F79EFBC}") = "Hashtablee", "Hashtablee\Hashtablee.csproj", "{0F16F351-DDB2-40CF-B7A5-8A1A468DF12E}"
EndProject
Project("{FAE04EC0-301F-11D3-BF4B-00C04F79EFBC}") = "SortedListt", "SortedListt\SortedListt.csproj", "{5616C17F-FA41-4020-BF9E-66627C3F1E82}"
EndProject
Project("{FAE04EC0-301F-11D3-BF4B-00C04F79EFBC}") = "Events", "Events\Events.csproj", "{17A4100D-B060-4B52-9831-A9F0F0C0556E}"
EndProject
Project("{FAE04EC0-301F-11D3-BF4B-00C04F79EFBC}") = "Delegates", "Delegates\Delegates.csproj", "{F5951E5E-2AE1-4895-9D9F-F8FC93526D64}"
EndProject
Project("{FAE04EC0-301F-11D3-BF4B-00C04F79EFBC}") = "Delegates1.2", "Delegates1.2\Delegates1.2.csproj", "{770D0DA3-8957-4065-9C2D-BEFF2C6E7390}"
EndProject
Project("{FAE04EC0-301F-11D3-BF4B-00C04F79EFBC}") = "Event_Exam", "Event_Exam\Event_Exam.csproj", "{F9869099-B4BA-4DEA-B734-F2DA5098F24B}"
EndProject
Project("{FAE04EC0-301F-11D3-BF4B-00C04F79EFBC}") = "ShopCompare", "ShopCompare\ShopCompare.csproj", "{404B0589-F0F8-4A3C-B32B-1CD66B3E1BDE}"
EndProject
Project("{FAE04EC0-301F-11D3-BF4B-00C04F79EFBC}") = "Zoo", "Zoo\Zoo.csproj", "{6F96A289-18E0-4644-8080-E62DCB9800FB}"
EndProject
Global
	GlobalSection(SolutionConfigurationPlatforms) = preSolution
		Debug|Any CPU = Debug|Any CPU
		Release|Any CPU = Release|Any CPU
	EndGlobalSection
	GlobalSection(ProjectConfigurationPlatforms) = postSolution
		{B478C2DC-C0B4-4CF4-BB44-A2D9BAACCAC4}.Debug|Any CPU.ActiveCfg = Debug|Any CPU
		{B478C2DC-C0B4-4CF4-BB44-A2D9BAACCAC4}.Debug|Any CPU.Build.0 = Debug|Any CPU
		{B478C2DC-C0B4-4CF4-BB44-A2D9BAACCAC4}.Release|Any CPU.ActiveCfg = Release|Any CPU
		{B478C2DC-C0B4-4CF4-BB44-A2D9BAACCAC4}.Release|Any CPU.Build.0 = Release|Any CPU
		{5292B698-DF15-4E66-9DA0-46E607285612}.Debug|Any CPU.ActiveCfg = Debug|Any CPU
		{5292B698-DF15-4E66-9DA0-46E607285612}.Debug|Any CPU.Build.0 = Debug|Any CPU
		{5292B698-DF15-4E66-9DA0-46E607285612}.Release|Any CPU.ActiveCfg = Release|Any CPU
		{5292B698-DF15-4E66-9DA0-46E607285612}.Release|Any CPU.Build.0 = Release|Any CPU
		{430156D4-4B70-414E-B7C4-15C8D048CB49}.Debug|Any CPU.ActiveCfg = Debug|Any CPU
		{430156D4-4B70-414E-B7C4-15C8D048CB49}.Debug|Any CPU.Build.0 = Debug|Any CPU
		{430156D4-4B70-414E-B7C4-15C8D048CB49}.Release|Any CPU.ActiveCfg = Release|Any CPU
		{430156D4-4B70-414E-B7C4-15C8D048CB49}.Release|Any CPU.Build.0 = Release|Any CPU
		{CE761BBF-73E8-46DF-B49A-E80A056CF57C}.Debug|Any CPU.ActiveCfg = Debug|Any CPU
		{CE761BBF-73E8-46DF-B49A-E80A056CF57C}.Debug|Any CPU.Build.0 = Debug|Any CPU
		{CE761BBF-73E8-46DF-B49A-E80A056CF57C}.Release|Any CPU.ActiveCfg = Release|Any CPU
		{CE761BBF-73E8-46DF-B49A-E80A056CF57C}.Release|Any CPU.Build.0 = Release|Any CPU
		{C94EF460-CB5E-4577-9F18-6A6E9264FC4E}.Debug|Any CPU.ActiveCfg = Debug|Any CPU
		{C94EF460-CB5E-4577-9F18-6A6E9264FC4E}.Debug|Any CPU.Build.0 = Debug|Any CPU
		{C94EF460-CB5E-4577-9F18-6A6E9264FC4E}.Release|Any CPU.ActiveCfg = Release|Any CPU
		{C94EF460-CB5E-4577-9F18-6A6E9264FC4E}.Release|Any CPU.Build.0 = Release|Any CPU
		{C78E7361-B64F-4077-AB40-6905744AE201}.Debug|Any CPU.ActiveCfg = Debug|Any CPU
		{C78E7361-B64F-4077-AB40-6905744AE201}.Debug|Any CPU.Build.0 = Debug|Any CPU
		{C78E7361-B64F-4077-AB40-6905744AE201}.Release|Any CPU.ActiveCfg = Release|Any CPU
		{C78E7361-B64F-4077-AB40-6905744AE201}.Release|Any CPU.Build.0 = Release|Any CPU
		{E8177594-B463-4A5D-A41A-4E58E548C9CB}.Debug|Any CPU.ActiveCfg = Debug|Any CPU
		{E8177594-B463-4A5D-A41A-4E58E548C9CB}.Debug|Any CPU.Build.0 = Debug|Any CPU
		{E8177594-B463-4A5D-A41A-4E58E548C9CB}.Release|Any CPU.ActiveCfg = Release|Any CPU
		{E8177594-B463-4A5D-A41A-4E58E548C9CB}.Release|Any CPU.Build.0 = Release|Any CPU
		{BF780C37-EBEE-40BA-9DEF-1B3AF3203240}.Debug|Any CPU.ActiveCfg = Debug|Any CPU
		{BF780C37-EBEE-40BA-9DEF-1B3AF3203240}.Debug|Any CPU.Build.0 = Debug|Any CPU
		{BF780C37-EBEE-40BA-9DEF-1B3AF3203240}.Release|Any CPU.ActiveCfg = Release|Any CPU
		{BF780C37-EBEE-40BA-9DEF-1B3AF3203240}.Release|Any CPU.Build.0 = Release|Any CPU
		{0F16F351-DDB2-40CF-B7A5-8A1A468DF12E}.Debug|Any CPU.ActiveCfg = Debug|Any CPU
		{0F16F351-DDB2-40CF-B7A5-8A1A468DF12E}.Debug|Any CPU.Build.0 = Debug|Any CPU
		{0F16F351-DDB2-40CF-B7A5-8A1A468DF12E}.Release|Any CPU.ActiveCfg = Release|Any CPU
		{0F16F351-DDB2-40CF-B7A5-8A1A468DF12E}.Release|Any CPU.Build.0 = Release|Any CPU
		{5616C17F-FA41-4020-BF9E-66627C3F1E82}.Debug|Any CPU.ActiveCfg = Debug|Any CPU
		{5616C17F-FA41-4020-BF9E-66627C3F1E82}.Debug|Any CPU.Build.0 = Debug|Any CPU
		{5616C17F-FA41-4020-BF9E-66627C3F1E82}.Release|Any CPU.ActiveCfg = Release|Any CPU
		{5616C17F-FA41-4020-BF9E-66627C3F1E82}.Release|Any CPU.Build.0 = Release|Any CPU
		{17A4100D-B060-4B52-9831-A9F0F0C0556E}.Debug|Any CPU.ActiveCfg = Debug|Any CPU
		{17A4100D-B060-4B52-9831-A9F0F0C0556E}.Debug|Any CPU.Build.0 = Debug|Any CPU
		{17A4100D-B060-4B52-9831-A9F0F0C0556E}.Release|Any CPU.ActiveCfg = Release|Any CPU
		{17A4100D-B060-4B52-9831-A9F0F0C0556E}.Release|Any CPU.Build.0 = Release|Any CPU
		{F5951E5E-2AE1-4895-9D9F-F8FC93526D64}.Debug|Any CPU.ActiveCfg = Debug|Any CPU
		{F5951E5E-2AE1-4895-9D9F-F8FC93526D64}.Debug|Any CPU.Build.0 = Debug|Any CPU
		{F5951E5E-2AE1-4895-9D9F-F8FC93526D64}.Release|Any CPU.ActiveCfg = Release|Any CPU
		{F5951E5E-2AE1-4895-9D9F-F8FC93526D64}.Release|Any CPU.Build.0 = Release|Any CPU
		{770D0DA3-8957-4065-9C2D-BEFF2C6E7390}.Debug|Any CPU.ActiveCfg = Debug|Any CPU
		{770D0DA3-8957-4065-9C2D-BEFF2C6E7390}.Debug|Any CPU.Build.0 = Debug|Any CPU
		{770D0DA3-8957-4065-9C2D-BEFF2C6E7390}.Release|Any CPU.ActiveCfg = Release|Any CPU
		{770D0DA3-8957-4065-9C2D-BEFF2C6E7390}.Release|Any CPU.Build.0 = Release|Any CPU
		{F9869099-B4BA-4DEA-B734-F2DA5098F24B}.Debug|Any CPU.ActiveCfg = Debug|Any CPU
		{F9869099-B4BA-4DEA-B734-F2DA5098F24B}.Debug|Any CPU.Build.0 = Debug|Any CPU
		{F9869099-B4BA-4DEA-B734-F2DA5098F24B}.Release|Any CPU.ActiveCfg = Release|Any CPU
		{F9869099-B4BA-4DEA-B734-F2DA5098F24B}.Release|Any CPU.Build.0 = Release|Any CPU
		{404B0589-F0F8-4A3C-B32B-1CD66B3E1BDE}.Debug|Any CPU.ActiveCfg = Debug|Any CPU
		{404B0589-F0F8-4A3C-B32B-1CD66B3E1BDE}.Debug|Any CPU.Build.0 = Debug|Any CPU
		{404B0589-F0F8-4A3C-B32B-1CD66B3E1BDE}.Release|Any CPU.ActiveCfg = Release|Any CPU
		{404B0589-F0F8-4A3C-B32B-1CD66B3E1BDE}.Release|Any CPU.Build.0 = Release|Any CPU
		{6F96A289-18E0-4644-8080-E62DCB9800FB}.Debug|Any CPU.ActiveCfg = Debug|Any CPU
		{6F96A289-18E0-4644-8080-E62DCB9800FB}.Debug|Any CPU.Build.0 = Debug|Any CPU
		{6F96A289-18E0-4644-8080-E62DCB9800FB}.Release|Any CPU.ActiveCfg = Release|Any CPU
		{6F96A289-18E0-4644-8080-E62DCB9800FB}.Release|Any CPU.Build.0 = Release|Any CPU
	EndGlobalSection
	GlobalSection(SolutionProperties) = preSolution
		HideSolutionNode = FALSE
	EndGlobalSection
	GlobalSection(ExtensibilityGlobals) = postSolution
		SolutionGuid = {5A5A1062-EB40-4093-B67E-AB01F3985647}
	EndGlobalSection
EndGlobal
